
Microsoft Visual Studio Solution File, Format Version 12.00
# Visual Studio Version 17
VisualStudioVersion = 17.13.35806.99
MinimumVisualStudioVersion = 10.0.40219.1
Project("{FAE04EC0-301F-11D3-BF4B-00C04F79EFBC}") = "Archival.iTextSharp", "Archival.iTextSharp\Archival.iTextSharp.csproj", "{03EEC3C9-462C-4547-B5D1-F60C39976FA3}"
EndProject
Global
	GlobalSection(SolutionConfigurationPlatforms) = preSolution
		Debug|Any CPU = Debug|Any CPU
		Release|Any CPU = Release|Any CPU
	EndGlobalSection
	GlobalSection(ProjectConfigurationPlatforms) = postSolution
		{03EEC3C9-462C-4547-B5D1-F60C39976FA3}.Debug|Any CPU.ActiveCfg = Debug|Any CPU
		{03EEC3C9-462C-4547-B5D1-F60C39976FA3}.Debug|Any CPU.Build.0 = Debug|Any CPU
		{03EEC3C9-462C-4547-B5D1-F60C39976FA3}.Release|Any CPU.ActiveCfg = Release|Any CPU
		{03EEC3C9-462C-4547-B5D1-F60C39976FA3}.Release|Any CPU.Build.0 = Release|Any CPU
	EndGlobalSection
	GlobalSection(SolutionProperties) = preSolution
		HideSolutionNode = FALSE
	EndGlobalSection
	GlobalSection(ExtensibilityGlobals) = postSolution
		SolutionGuid = {8D47E569-095D-4070-8C36-C4FD307B299C}
	EndGlobalSection
EndGlobal
